
Microsoft Visual Studio Solution File, Format Version 12.00
# Visual Studio Version 17
VisualStudioVersion = 17.5.002.0
MinimumVisualStudioVersion = 10.0.40219.1
Project("{9A19103F-16F7-4668-BE54-9A1E7A4F7556}") = "Aula08", "Aula08.csproj", "{C6647FC9-6E49-4DE3-9173-C447A08E54E8}"
EndProject
Global
	GlobalSection(SolutionConfigurationPlatforms) = preSolution
		Debug|Any CPU = Debug|Any CPU
		Release|Any CPU = Release|Any CPU
	EndGlobalSection
	GlobalSection(ProjectConfigurationPlatforms) = postSolution
		{C6647FC9-6E49-4DE3-9173-C447A08E54E8}.Debug|Any CPU.ActiveCfg = Debug|Any CPU
		{C6647FC9-6E49-4DE3-9173-C447A08E54E8}.Debug|Any CPU.Build.0 = Debug|Any CPU
		{C6647FC9-6E49-4DE3-9173-C447A08E54E8}.Release|Any CPU.ActiveCfg = Release|Any CPU
		{C6647FC9-6E49-4DE3-9173-C447A08E54E8}.Release|Any CPU.Build.0 = Release|Any CPU
	EndGlobalSection
	GlobalSection(SolutionProperties) = preSolution
		HideSolutionNode = FALSE
	EndGlobalSection
	GlobalSection(ExtensibilityGlobals) = postSolution
		SolutionGuid = {12AFE131-833C-4A1F-B035-4DFC64EEE579}
	EndGlobalSection
EndGlobal
