
Microsoft Visual Studio Solution File, Format Version 12.00
# Visual Studio Version 17
VisualStudioVersion = 17.5.002.0
MinimumVisualStudioVersion = 10.0.40219.1
Project("{9A19103F-16F7-4668-BE54-9A1E7A4F7556}") = "exercicio2", "exercicio2.csproj", "{B9C68978-BED8-4BA8-B8B1-60CA09A7572C}"
EndProject
Global
	GlobalSection(SolutionConfigurationPlatforms) = preSolution
		Debug|Any CPU = Debug|Any CPU
		Release|Any CPU = Release|Any CPU
	EndGlobalSection
	GlobalSection(ProjectConfigurationPlatforms) = postSolution
		{B9C68978-BED8-4BA8-B8B1-60CA09A7572C}.Debug|Any CPU.ActiveCfg = Debug|Any CPU
		{B9C68978-BED8-4BA8-B8B1-60CA09A7572C}.Debug|Any CPU.Build.0 = Debug|Any CPU
		{B9C68978-BED8-4BA8-B8B1-60CA09A7572C}.Release|Any CPU.ActiveCfg = Release|Any CPU
		{B9C68978-BED8-4BA8-B8B1-60CA09A7572C}.Release|Any CPU.Build.0 = Release|Any CPU
	EndGlobalSection
	GlobalSection(SolutionProperties) = preSolution
		HideSolutionNode = FALSE
	EndGlobalSection
	GlobalSection(ExtensibilityGlobals) = postSolution
		SolutionGuid = {A174AF2A-F036-4086-A0B5-81CC888FACC4}
	EndGlobalSection
EndGlobal
