
Microsoft Visual Studio Solution File, Format Version 12.00
# Visual Studio Version 17
VisualStudioVersion = 17.5.002.0
MinimumVisualStudioVersion = 10.0.40219.1
Project("{9A19103F-16F7-4668-BE54-9A1E7A4F7556}") = "Aula06", "Aula06.csproj", "{B7E0E35F-5BC3-4839-8ED5-5B1AF1B8F93A}"
EndProject
Global
	GlobalSection(SolutionConfigurationPlatforms) = preSolution
		Debug|Any CPU = Debug|Any CPU
		Release|Any CPU = Release|Any CPU
	EndGlobalSection
	GlobalSection(ProjectConfigurationPlatforms) = postSolution
		{B7E0E35F-5BC3-4839-8ED5-5B1AF1B8F93A}.Debug|Any CPU.ActiveCfg = Debug|Any CPU
		{B7E0E35F-5BC3-4839-8ED5-5B1AF1B8F93A}.Debug|Any CPU.Build.0 = Debug|Any CPU
		{B7E0E35F-5BC3-4839-8ED5-5B1AF1B8F93A}.Release|Any CPU.ActiveCfg = Release|Any CPU
		{B7E0E35F-5BC3-4839-8ED5-5B1AF1B8F93A}.Release|Any CPU.Build.0 = Release|Any CPU
	EndGlobalSection
	GlobalSection(SolutionProperties) = preSolution
		HideSolutionNode = FALSE
	EndGlobalSection
	GlobalSection(ExtensibilityGlobals) = postSolution
		SolutionGuid = {E3D7EC3D-DF49-49C2-A56C-48B5E9843AFE}
	EndGlobalSection
EndGlobal
